
Microsoft Visual Studio Solution File, Format Version 12.00
# Visual Studio Version 17
VisualStudioVersion = 17.13.35818.85 d17.13
MinimumVisualStudioVersion = 10.0.40219.1
Project("{8BC9CEB8-8B4A-11D0-8D11-00A0C91BC942}") = "06.11.25 files oop", "06.11.25 files oop\06.11.25 files oop.vcxproj", "{426CC28D-B4EA-4BF1-8643-87A50E3F60AD}"
EndProject
Global
	GlobalSection(SolutionConfigurationPlatforms) = preSolution
		Debug|x64 = Debug|x64
		Debug|x86 = Debug|x86
		Release|x64 = Release|x64
		Release|x86 = Release|x86
	EndGlobalSection
	GlobalSection(ProjectConfigurationPlatforms) = postSolution
		{426CC28D-B4EA-4BF1-8643-87A50E3F60AD}.Debug|x64.ActiveCfg = Debug|x64
		{426CC28D-B4EA-4BF1-8643-87A50E3F60AD}.Debug|x64.Build.0 = Debug|x64
		{426CC28D-B4EA-4BF1-8643-87A50E3F60AD}.Debug|x86.ActiveCfg = Debug|Win32
		{426CC28D-B4EA-4BF1-8643-87A50E3F60AD}.Debug|x86.Build.0 = Debug|Win32
		{426CC28D-B4EA-4BF1-8643-87A50E3F60AD}.Release|x64.ActiveCfg = Release|x64
		{426CC28D-B4EA-4BF1-8643-87A50E3F60AD}.Release|x64.Build.0 = Release|x64
		{426CC28D-B4EA-4BF1-8643-87A50E3F60AD}.Release|x86.ActiveCfg = Release|Win32
		{426CC28D-B4EA-4BF1-8643-87A50E3F60AD}.Release|x86.Build.0 = Release|Win32
	EndGlobalSection
	GlobalSection(SolutionProperties) = preSolution
		HideSolutionNode = FALSE
	EndGlobalSection
	GlobalSection(ExtensibilityGlobals) = postSolution
		SolutionGuid = {7D442BCB-F729-4187-BCA3-A5D3B2CC247B}
	EndGlobalSection
EndGlobal
